# This file is automatically @generated by Cargo.
# It is not intended for manual editing.
version = 3

[[package]]
name = "aoc2021"
version = "0.1.0"
dependencies = [
 "grid",
 "lazy_static",
 "simple-grid",
]

[[package]]
name = "grid"
version = "0.6.0"
source = "registry+https://github.com/rust-lang/crates.io-index"
checksum = "bed7999ee197fb0a5736c294af0289caf9681fafabd57ea7fa6af61bf3a19eec"
dependencies = [
 "no-std-compat",
]

[[package]]
name = "lazy_static"
version = "1.4.0"
source = "registry+https://github.com/rust-lang/crates.io-index"
checksum = "e2abad23fbc42b3700f2f279844dc832adb2b2eb069b2df918f455c4e18cc646"

[[package]]
name = "no-std-compat"
version = "0.4.1"
source = "registry+https://github.com/rust-lang/crates.io-index"
checksum = "b93853da6d84c2e3c7d730d6473e8817692dd89be387eb01b94d7f108ecb5b8c"

[[package]]
name = "simple-grid"
version = "2.1.1"
source = "registry+https://github.com/rust-lang/crates.io-index"
checksum = "249a9d2840ab63972f8e8ec5731ced65872c6b5c8efd833eed7d1f8972dedff2"
